{
  "nodes": {
    "flake-utils": {
      "inputs": {
        "systems": "systems"
      },
      "locked": {
        "lastModified": 1731533236,
        "narHash": "sha256-l0KFg5HjrsfsO/JpG+r7fRrqm12kzFHyUHqHCVpMMbI=",
        "owner": "numtide",
        "repo": "flake-utils",
        "rev": "11707dc2f618dd54ca8739b309ec4fc024de578b",
        "type": "github"
      },
      "original": {
        "owner": "numtide",
        "repo": "flake-utils",
        "type": "github"
      }
    },
    "inlay-hints": {
      "flake": false,
      "locked": {
        "lastModified": 1750224557,
        "narHash": "sha256-Hm5cppwgVYeJ+SfQMEi1xTPOITHBVSXhgdr3VclsS3g=",
        "owner": "MysticalDevil",
        "repo": "inlay-hints.nvim",
        "rev": "990e1f96699b8293b6665b9e73b16128c66684e6",
        "type": "github"
      },
      "original": {
        "owner": "MysticalDevil",
        "repo": "inlay-hints.nvim",
        "type": "github"
      }
    },
    "nixpkgs": {
      "locked": {
        "lastModified": 1750243452,
        "narHash": "sha256-IF+EoickxPXTgjTg0hNU+oYxxFKgb+BEm9XJh9zbY5Q=",
        "owner": "nixos",
        "repo": "nixpkgs",
        "rev": "b8515387500d6b3a8eaa276cc0bccb8d29618a10",
        "type": "github"
      },
      "original": {
        "owner": "nixos",
        "repo": "nixpkgs",
        "type": "github"
      }
    },
    "nixpkgs-unstable": {
      "locked": {
        "lastModified": 1750122687,
        "narHash": "sha256-zcGClfkXh4pckf4aGOZ18GFv73n1xHbdMWl17cPLouE=",
        "owner": "nixos",
        "repo": "nixpkgs",
        "rev": "c539ae8d21e49776966d714f82fba33b1fca78bc",
        "type": "github"
      },
      "original": {
        "owner": "nixos",
        "ref": "nixpkgs-unstable",
        "repo": "nixpkgs",
        "type": "github"
      }
    },
    "root": {
      "inputs": {
        "flake-utils": "flake-utils",
        "inlay-hints": "inlay-hints",
        "nixpkgs": "nixpkgs",
        "nixpkgs-unstable": "nixpkgs-unstable",
        "whaler": "whaler"
      }
    },
    "systems": {
      "locked": {
        "lastModified": 1681028828,
        "narHash": "sha256-Vy1rq5AaRuLzOxct8nz4T6wlgyUR7zLU309k9mBC768=",
        "owner": "nix-systems",
        "repo": "default",
        "rev": "da67096a3b9bf56a91d16901293e51ba5b49a27e",
        "type": "github"
      },
      "original": {
        "owner": "nix-systems",
        "repo": "default",
        "type": "github"
      }
    },
    "whaler": {
      "flake": false,
      "locked": {
        "lastModified": 1745698008,
        "narHash": "sha256-dgMqfoA7BUzJ/6t+oRPIS4gEElc9PVNKhFrbsZUs/Pw=",
        "owner": "SalOrak",
        "repo": "whaler",
        "rev": "b3a4257f6225a9a6c42f33b56ca316325e395f22",
        "type": "github"
      },
      "original": {
        "owner": "SalOrak",
        "repo": "whaler",
        "type": "github"
      }
    }
  },
  "root": "root",
  "version": 7
}
