{
  "nodes": {
    "earthly-vim": {
      "flake": false,
      "locked": {
        "lastModified": 1712073474,
        "narHash": "sha256-myMGiOiU9/xmdMJOvaJySLBvXS/xTAMULVaKGaVODw0=",
        "owner": "earthly",
        "repo": "earthly.vim",
        "rev": "cb0440a357a09fb9234ece56a6b09e04d25c1b1d",
        "type": "github"
      },
      "original": {
        "owner": "earthly",
        "repo": "earthly.vim",
        "type": "github"
      }
    },
    "flake-utils": {
      "inputs": {
        "systems": "systems"
      },
      "locked": {
        "lastModified": 1710146030,
        "narHash": "sha256-SZ5L6eA7HJ/nmkzGG7/ISclqe6oZdOZTNoesiInkXPQ=",
        "owner": "numtide",
        "repo": "flake-utils",
        "rev": "b1d9ab70662946ef0850d488da1c9019f3a9752a",
        "type": "github"
      },
      "original": {
        "owner": "numtide",
        "repo": "flake-utils",
        "type": "github"
      }
    },
    "github-nvim-theme": {
      "flake": false,
      "locked": {
        "lastModified": 1715167607,
        "narHash": "sha256-vsIr3UrnajxixDo0cp+6GoQfmO0KDkPX8jw1e0fPHo4=",
        "owner": "projekt0n",
        "repo": "github-nvim-theme",
        "rev": "d832925e77cef27b16011a8dfd8835f49bdcd055",
        "type": "github"
      },
      "original": {
        "owner": "projekt0n",
        "repo": "github-nvim-theme",
        "type": "github"
      }
    },
    "nixpkgs": {
      "locked": {
        "lastModified": 1718781954,
        "narHash": "sha256-43LzmeT6zAIOMYDKkee18/laXr1LahQjWktqJXHP+14=",
        "owner": "nixos",
        "repo": "nixpkgs",
        "rev": "9a7660458dfebc9e0feeca7fbb075e9fee99b460",
        "type": "github"
      },
      "original": {
        "owner": "nixos",
        "repo": "nixpkgs",
        "type": "github"
      }
    },
    "root": {
      "inputs": {
        "earthly-vim": "earthly-vim",
        "flake-utils": "flake-utils",
        "github-nvim-theme": "github-nvim-theme",
        "nixpkgs": "nixpkgs"
      }
    },
    "systems": {
      "locked": {
        "lastModified": 1681028828,
        "narHash": "sha256-Vy1rq5AaRuLzOxct8nz4T6wlgyUR7zLU309k9mBC768=",
        "owner": "nix-systems",
        "repo": "default",
        "rev": "da67096a3b9bf56a91d16901293e51ba5b49a27e",
        "type": "github"
      },
      "original": {
        "owner": "nix-systems",
        "repo": "default",
        "type": "github"
      }
    }
  },
  "root": "root",
  "version": 7
}
